
Microsoft Visual Studio Solution File, Format Version 12.00
# Visual Studio Version 17
VisualStudioVersion = 17.1.32210.238
MinimumVisualStudioVersion = 10.0.40219.1
Project("{8BC9CEB8-8B4A-11D0-8D11-00A0C91BC942}") = "Project 5", "Project 5\Project 5.vcxproj", "{E60D96FB-5C92-43D7-A21E-211BD0D3B5C0}"
EndProject
Global
	GlobalSection(SolutionConfigurationPlatforms) = preSolution
		Debug|x64 = Debug|x64
		Debug|x86 = Debug|x86
		Release|x64 = Release|x64
		Release|x86 = Release|x86
	EndGlobalSection
	GlobalSection(ProjectConfigurationPlatforms) = postSolution
		{E60D96FB-5C92-43D7-A21E-211BD0D3B5C0}.Debug|x64.ActiveCfg = Debug|x64
		{E60D96FB-5C92-43D7-A21E-211BD0D3B5C0}.Debug|x64.Build.0 = Debug|x64
		{E60D96FB-5C92-43D7-A21E-211BD0D3B5C0}.Debug|x86.ActiveCfg = Debug|Win32
		{E60D96FB-5C92-43D7-A21E-211BD0D3B5C0}.Debug|x86.Build.0 = Debug|Win32
		{E60D96FB-5C92-43D7-A21E-211BD0D3B5C0}.Release|x64.ActiveCfg = Release|x64
		{E60D96FB-5C92-43D7-A21E-211BD0D3B5C0}.Release|x64.Build.0 = Release|x64
		{E60D96FB-5C92-43D7-A21E-211BD0D3B5C0}.Release|x86.ActiveCfg = Release|Win32
		{E60D96FB-5C92-43D7-A21E-211BD0D3B5C0}.Release|x86.Build.0 = Release|Win32
	EndGlobalSection
	GlobalSection(SolutionProperties) = preSolution
		HideSolutionNode = FALSE
	EndGlobalSection
	GlobalSection(ExtensibilityGlobals) = postSolution
		SolutionGuid = {61692483-430C-4AB2-85E1-628074A18BAC}
	EndGlobalSection
EndGlobal
